PODS:
  - LZSwiftColorKit (0.0.1)
  - LZSwiftDelegate (0.0.1)

DEPENDENCIES:
  - LZSwiftColorKit (from `../`)
  - LZSwiftDelegate

SPEC REPOS:
  trunk:
    - LZSwiftDelegate

EXTERNAL SOURCES:
  LZSwiftColorKit:
    :path: "../"

SPEC CHECKSUMS:
  LZSwiftColorKit: 654c03ce3d9e365be88344821d7a84cdafc040a1
  LZSwiftDelegate: 431dfb9e85064d72bb36553de27dddd29240f695

PODFILE CHECKSUM: f64063f8ae2587e2befb9962237ef707912390a5

COCOAPODS: 1.8.4
